
Microsoft Visual Studio Solution File, Format Version 12.00
# Visual Studio Version 16
VisualStudioVersion = 16.0.30907.101
MinimumVisualStudioVersion = 10.0.40219.1
Project("{2150E333-8FDC-42A3-9474-1A3956D46DE8}") = "Infrastructure", "Infrastructure", "{16E321F3-2E1E-4608-8D66-F3160B442D6F}"
EndProject
Project("{FAE04EC0-301F-11D3-BF4B-00C04F79EFBC}") = "RuleEngine.Identity", "RuleEngine.Identity\RuleEngine.Identity.csproj", "{2E416583-1E32-4689-849B-F7ADCD0639A7}"
EndProject
Project("{FAE04EC0-301F-11D3-BF4B-00C04F79EFBC}") = "RulesEngine.Infrastructure", "RulesEngine.Infrastructure\RulesEngine.Infrastructure.csproj", "{0EB63957-F554-439C-A537-63867D20FD44}"
EndProject
Project("{FAE04EC0-301F-11D3-BF4B-00C04F79EFBC}") = "RulesEngine.Persistance", "RulesEngine.Persistance\RulesEngine.Persistance.csproj", "{39418250-5D1C-4898-820A-315BB64C184C}"
EndProject
Project("{2150E333-8FDC-42A3-9474-1A3956D46DE8}") = "Test", "Test", "{B46CC59E-7713-45A9-A039-FD89B671BFDC}"
EndProject
Project("{FAE04EC0-301F-11D3-BF4B-00C04F79EFBC}") = "RulesEngine.UnitTests", "RulesEngine.UnitTests\RulesEngine.UnitTests.csproj", "{807763DA-6DEF-441D-8FBC-5CC10A696EDD}"
EndProject
Project("{2150E333-8FDC-42A3-9474-1A3956D46DE8}") = "Core", "Core", "{67C7E2DF-CA1A-4B47-81A3-0420CC969342}"
EndProject
Project("{FAE04EC0-301F-11D3-BF4B-00C04F79EFBC}") = "RulesEngine.Domain", "RulesEngine.Domain\RulesEngine.Domain.csproj", "{72DFB25A-6CEE-479B-82D0-93BB8084F0C7}"
EndProject
Project("{2150E333-8FDC-42A3-9474-1A3956D46DE8}") = "API", "API", "{5B98B609-89A2-4733-9746-A8606845FBAA}"
EndProject
Project("{FAE04EC0-301F-11D3-BF4B-00C04F79EFBC}") = "RulesEngine.API", "RulesEngine.API\RulesEngine.API.csproj", "{C087FB24-4782-4CA3-B5C8-9F69F71CD3B1}"
EndProject
Global
	GlobalSection(SolutionConfigurationPlatforms) = preSolution
		Debug|Any CPU = Debug|Any CPU
		Release|Any CPU = Release|Any CPU
	EndGlobalSection
	GlobalSection(ProjectConfigurationPlatforms) = postSolution
		{2E416583-1E32-4689-849B-F7ADCD0639A7}.Debug|Any CPU.ActiveCfg = Debug|Any CPU
		{2E416583-1E32-4689-849B-F7ADCD0639A7}.Debug|Any CPU.Build.0 = Debug|Any CPU
		{2E416583-1E32-4689-849B-F7ADCD0639A7}.Release|Any CPU.ActiveCfg = Release|Any CPU
		{2E416583-1E32-4689-849B-F7ADCD0639A7}.Release|Any CPU.Build.0 = Release|Any CPU
		{0EB63957-F554-439C-A537-63867D20FD44}.Debug|Any CPU.ActiveCfg = Debug|Any CPU
		{0EB63957-F554-439C-A537-63867D20FD44}.Debug|Any CPU.Build.0 = Debug|Any CPU
		{0EB63957-F554-439C-A537-63867D20FD44}.Release|Any CPU.ActiveCfg = Release|Any CPU
		{0EB63957-F554-439C-A537-63867D20FD44}.Release|Any CPU.Build.0 = Release|Any CPU
		{39418250-5D1C-4898-820A-315BB64C184C}.Debug|Any CPU.ActiveCfg = Debug|Any CPU
		{39418250-5D1C-4898-820A-315BB64C184C}.Debug|Any CPU.Build.0 = Debug|Any CPU
		{39418250-5D1C-4898-820A-315BB64C184C}.Release|Any CPU.ActiveCfg = Release|Any CPU
		{39418250-5D1C-4898-820A-315BB64C184C}.Release|Any CPU.Build.0 = Release|Any CPU
		{807763DA-6DEF-441D-8FBC-5CC10A696EDD}.Debug|Any CPU.ActiveCfg = Debug|Any CPU
		{807763DA-6DEF-441D-8FBC-5CC10A696EDD}.Debug|Any CPU.Build.0 = Debug|Any CPU
		{807763DA-6DEF-441D-8FBC-5CC10A696EDD}.Release|Any CPU.ActiveCfg = Release|Any CPU
		{807763DA-6DEF-441D-8FBC-5CC10A696EDD}.Release|Any CPU.Build.0 = Release|Any CPU
		{72DFB25A-6CEE-479B-82D0-93BB8084F0C7}.Debug|Any CPU.ActiveCfg = Debug|Any CPU
		{72DFB25A-6CEE-479B-82D0-93BB8084F0C7}.Debug|Any CPU.Build.0 = Debug|Any CPU
		{72DFB25A-6CEE-479B-82D0-93BB8084F0C7}.Release|Any CPU.ActiveCfg = Release|Any CPU
		{72DFB25A-6CEE-479B-82D0-93BB8084F0C7}.Release|Any CPU.Build.0 = Release|Any CPU
		{C087FB24-4782-4CA3-B5C8-9F69F71CD3B1}.Debug|Any CPU.ActiveCfg = Debug|Any CPU
		{C087FB24-4782-4CA3-B5C8-9F69F71CD3B1}.Debug|Any CPU.Build.0 = Debug|Any CPU
		{C087FB24-4782-4CA3-B5C8-9F69F71CD3B1}.Release|Any CPU.ActiveCfg = Release|Any CPU
		{C087FB24-4782-4CA3-B5C8-9F69F71CD3B1}.Release|Any CPU.Build.0 = Release|Any CPU
	EndGlobalSection
	GlobalSection(SolutionProperties) = preSolution
		HideSolutionNode = FALSE
	EndGlobalSection
	GlobalSection(NestedProjects) = preSolution
		{2E416583-1E32-4689-849B-F7ADCD0639A7} = {16E321F3-2E1E-4608-8D66-F3160B442D6F}
		{0EB63957-F554-439C-A537-63867D20FD44} = {16E321F3-2E1E-4608-8D66-F3160B442D6F}
		{39418250-5D1C-4898-820A-315BB64C184C} = {16E321F3-2E1E-4608-8D66-F3160B442D6F}
		{807763DA-6DEF-441D-8FBC-5CC10A696EDD} = {B46CC59E-7713-45A9-A039-FD89B671BFDC}
		{72DFB25A-6CEE-479B-82D0-93BB8084F0C7} = {67C7E2DF-CA1A-4B47-81A3-0420CC969342}
		{C087FB24-4782-4CA3-B5C8-9F69F71CD3B1} = {5B98B609-89A2-4733-9746-A8606845FBAA}
	EndGlobalSection
	GlobalSection(ExtensibilityGlobals) = postSolution
		SolutionGuid = {5EB33DBE-5271-42CF-A5A0-C9B66A63D2FD}
	EndGlobalSection
EndGlobal
